lockVersion: 2.0.0
id: 89968bf0-a755-4d50-9acb-d47410010f05
management:
  docChecksum: dff663dce4f21ddf3fc2332b7d7be92b
  docVersion: 0.4.0
  speakeasyVersion: internal
  generationVersion: 2.250.16
  releaseVersion: 3.0.0
  configChecksum: 960170d859286757349f42a181e49caa
  repoURL: https://github.com/speakeasy-api/speakeasy-client-sdk-typescript.git
  repoSubDirectory: .
  installationURL: https://github.com/speakeasy-api/speakeasy-client-sdk-typescript
  published: true
features:
  typescript:
    acceptHeaders: 2.81.1
    core: 3.4.6
    examples: 2.81.3
    globalSecurity: 2.82.2
    globalServerURLs: 2.82.1
    globals: 2.81.1
    inputOutputModels: 2.83.0
    serverIDs: 2.81.2
generatedFiles:
  - src/sdk/apis.ts
  - src/sdk/apiendpoints.ts
  - src/sdk/metadata.ts
  - src/sdk/schemas.ts
  - src/sdk/auth.ts
  - src/sdk/requests.ts
  - src/sdk/embeds.ts
  - src/sdk/events.ts
  - src/sdk/sdk.ts
  - .eslintrc.yml
  - jest.config.js
  - package-lock.json
  - package.json
  - src/index.ts
  - src/internal/utils/contenttype.ts
  - src/internal/utils/headers.ts
  - src/internal/utils/index.ts
  - src/internal/utils/pathparams.ts
  - src/internal/utils/queryparams.ts
  - src/internal/utils/requestbody.ts
  - src/internal/utils/retries.ts
  - src/internal/utils/security.ts
  - src/internal/utils/utils.ts
  - src/sdk/index.ts
  - src/sdk/models/errors/sdkerror.ts
  - src/sdk/types/index.ts
  - src/sdk/types/rfcdate.ts
  - tsconfig.json
  - src/sdk/models/operations/deleteapi.ts
  - src/sdk/models/operations/generateopenapispec.ts
  - src/sdk/models/operations/generatepostmancollection.ts
  - src/sdk/models/operations/getallapiversions.ts
  - src/sdk/models/operations/getapis.ts
  - src/sdk/models/operations/upsertapi.ts
  - src/sdk/models/operations/deleteapiendpoint.ts
  - src/sdk/models/operations/findapiendpoint.ts
  - src/sdk/models/operations/generateopenapispecforapiendpoint.ts
  - src/sdk/models/operations/generatepostmancollectionforapiendpoint.ts
  - src/sdk/models/operations/getallapiendpoints.ts
  - src/sdk/models/operations/getallforversionapiendpoints.ts
  - src/sdk/models/operations/getapiendpoint.ts
  - src/sdk/models/operations/upsertapiendpoint.ts
  - src/sdk/models/operations/deleteversionmetadata.ts
  - src/sdk/models/operations/getversionmetadata.ts
  - src/sdk/models/operations/insertversionmetadata.ts
  - src/sdk/models/operations/deleteschema.ts
  - src/sdk/models/operations/downloadschema.ts
  - src/sdk/models/operations/downloadschemarevision.ts
  - src/sdk/models/operations/getschema.ts
  - src/sdk/models/operations/getschemadiff.ts
  - src/sdk/models/operations/getschemarevision.ts
  - src/sdk/models/operations/getschemas.ts
  - src/sdk/models/operations/registerschema.ts
  - src/sdk/models/operations/validateapikey.ts
  - src/sdk/models/operations/generaterequestpostmancollection.ts
  - src/sdk/models/operations/getrequestfromeventlog.ts
  - src/sdk/models/operations/queryeventlog.ts
  - src/sdk/models/operations/getembedaccesstoken.ts
  - src/sdk/models/operations/getvalidembedaccesstokens.ts
  - src/sdk/models/operations/revokeembedaccesstoken.ts
  - src/sdk/models/operations/postworkspaceevents.ts
  - src/sdk/models/shared/error.ts
  - src/sdk/models/shared/generateopenapispecdiff.ts
  - src/sdk/models/shared/api.ts
  - src/sdk/models/shared/apiinput.ts
  - src/sdk/models/shared/apiendpoint.ts
  - src/sdk/models/shared/apiendpointinput.ts
  - src/sdk/models/shared/versionmetadata.ts
  - src/sdk/models/shared/versionmetadatainput.ts
  - src/sdk/models/shared/schema.ts
  - src/sdk/models/shared/schemadiff.ts
  - src/sdk/models/shared/apikeydetails.ts
  - src/sdk/models/shared/unboundedrequest.ts
  - src/sdk/models/shared/boundedrequest.ts
  - src/sdk/models/shared/requestmetadata.ts
  - src/sdk/models/shared/filters.ts
  - src/sdk/models/shared/filter.ts
  - src/sdk/models/shared/embedaccesstokenresponse.ts
  - src/sdk/models/shared/embedtoken.ts
  - src/sdk/models/shared/clievent.ts
  - src/sdk/models/shared/security.ts
  - src/sdk/models/errors/index.ts
  - src/sdk/models/operations/index.ts
  - src/sdk/models/shared/index.ts
  - docs/sdk/models/operations/deleteapirequest.md
  - docs/sdk/models/operations/deleteapiresponse.md
  - docs/sdk/models/operations/generateopenapispecrequest.md
  - docs/sdk/models/operations/generateopenapispecresponse.md
  - docs/sdk/models/operations/generatepostmancollectionrequest.md
  - docs/sdk/models/operations/generatepostmancollectionresponse.md
  - docs/sdk/models/operations/op.md
  - docs/sdk/models/operations/getallapiversionsrequest.md
  - docs/sdk/models/operations/getallapiversionsresponse.md
  - docs/sdk/models/operations/queryparamop.md
  - docs/sdk/models/operations/getapisrequest.md
  - docs/sdk/models/operations/getapisresponse.md
  - docs/sdk/models/operations/upsertapirequest.md
  - docs/sdk/models/operations/upsertapiresponse.md
  - docs/sdk/models/operations/deleteapiendpointrequest.md
  - docs/sdk/models/operations/deleteapiendpointresponse.md
  - docs/sdk/models/operations/findapiendpointrequest.md
  - docs/sdk/models/operations/findapiendpointresponse.md
  - docs/sdk/models/operations/generateopenapispecforapiendpointrequest.md
  - docs/sdk/models/operations/generateopenapispecforapiendpointresponse.md
  - docs/sdk/models/operations/generatepostmancollectionforapiendpointrequest.md
  - docs/sdk/models/operations/generatepostmancollectionforapiendpointresponse.md
  - docs/sdk/models/operations/getallapiendpointsrequest.md
  - docs/sdk/models/operations/getallapiendpointsresponse.md
  - docs/sdk/models/operations/getallforversionapiendpointsrequest.md
  - docs/sdk/models/operations/getallforversionapiendpointsresponse.md
  - docs/sdk/models/operations/getapiendpointrequest.md
  - docs/sdk/models/operations/getapiendpointresponse.md
  - docs/sdk/models/operations/upsertapiendpointrequest.md
  - docs/sdk/models/operations/upsertapiendpointresponse.md
  - docs/sdk/models/operations/deleteversionmetadatarequest.md
  - docs/sdk/models/operations/deleteversionmetadataresponse.md
  - docs/sdk/models/operations/getversionmetadatarequest.md
  - docs/sdk/models/operations/getversionmetadataresponse.md
  - docs/sdk/models/operations/insertversionmetadatarequest.md
  - docs/sdk/models/operations/insertversionmetadataresponse.md
  - docs/sdk/models/operations/deleteschemarequest.md
  - docs/sdk/models/operations/deleteschemaresponse.md
  - docs/sdk/models/operations/downloadschemarequest.md
  - docs/sdk/models/operations/downloadschemaresponse.md
  - docs/sdk/models/operations/downloadschemarevisionrequest.md
  - docs/sdk/models/operations/downloadschemarevisionresponse.md
  - docs/sdk/models/operations/getschemarequest.md
  - docs/sdk/models/operations/getschemaresponse.md
  - docs/sdk/models/operations/getschemadiffrequest.md
  - docs/sdk/models/operations/getschemadiffresponse.md
  - docs/sdk/models/operations/getschemarevisionrequest.md
  - docs/sdk/models/operations/getschemarevisionresponse.md
  - docs/sdk/models/operations/getschemasrequest.md
  - docs/sdk/models/operations/getschemasresponse.md
  - docs/sdk/models/operations/file.md
  - docs/sdk/models/operations/registerschemarequestbody.md
  - docs/sdk/models/operations/registerschemarequest.md
  - docs/sdk/models/operations/registerschemaresponse.md
  - docs/sdk/models/operations/validateapikeyresponse.md
  - docs/sdk/models/operations/generaterequestpostmancollectionrequest.md
  - docs/sdk/models/operations/generaterequestpostmancollectionresponse.md
  - docs/sdk/models/operations/getrequestfromeventlogrequest.md
  - docs/sdk/models/operations/getrequestfromeventlogresponse.md
  - docs/sdk/models/operations/queryeventlogrequest.md
  - docs/sdk/models/operations/queryeventlogresponse.md
  - docs/sdk/models/operations/getembedaccesstokenrequest.md
  - docs/sdk/models/operations/getembedaccesstokenresponse.md
  - docs/sdk/models/operations/getvalidembedaccesstokensresponse.md
  - docs/sdk/models/operations/revokeembedaccesstokenrequest.md
  - docs/sdk/models/operations/revokeembedaccesstokenresponse.md
  - docs/sdk/models/operations/postworkspaceeventsrequest.md
  - docs/sdk/models/operations/postworkspaceeventsresponse.md
  - docs/sdk/models/shared/errort.md
  - docs/sdk/models/shared/generateopenapispecdiff.md
  - docs/sdk/models/shared/api.md
  - docs/sdk/models/shared/apiinput.md
  - docs/sdk/models/shared/apiendpoint.md
  - docs/sdk/models/shared/apiendpointinput.md
  - docs/sdk/models/shared/versionmetadata.md
  - docs/sdk/models/shared/versionmetadatainput.md
  - docs/sdk/models/shared/schema.md
  - docs/sdk/models/shared/valuechange.md
  - docs/sdk/models/shared/schemadiff.md
  - docs/sdk/models/shared/apikeydetails.md
  - docs/sdk/models/shared/unboundedrequest.md
  - docs/sdk/models/shared/boundedrequest.md
  - docs/sdk/models/shared/requestmetadata.md
  - docs/sdk/models/shared/filters.md
  - docs/sdk/models/shared/filter.md
  - docs/sdk/models/shared/embedaccesstokenresponse.md
  - docs/sdk/models/shared/embedtoken.md
  - docs/sdk/models/shared/generatebumptype.md
  - docs/sdk/models/shared/interactiontype.md
  - docs/sdk/models/shared/clievent.md
  - docs/sdk/models/shared/security.md
  - docs/sdks/speakeasy/README.md
  - docs/sdks/apis/README.md
  - docs/sdks/apiendpoints/README.md
  - docs/sdks/metadata/README.md
  - docs/sdks/schemas/README.md
  - docs/sdks/auth/README.md
  - docs/sdks/requests/README.md
  - docs/sdks/embeds/README.md
  - docs/sdks/events/README.md
  - USAGE.md
  - .gitattributes
