speakeasyVersion: 1.535.1
sources:
    my-source:
        sourceNamespace: my-source
        sourceRevisionDigest: sha256:d129bc81c00731f2a8ccd071c1c4428724a8408c8d485647c5420c7c1137b99f
        sourceBlobDigest: sha256:f2d1e073b00081bfb7918b31d08cb00e7cd6c8563bf488872251583b98c8be5c
        tags:
            - latest
            - speakeasy-sdk-regen-1744843770
            - 0.4.0
targets:
    speakeasy-client-sdk-typescript:
        source: my-source
        sourceNamespace: my-source
        sourceRevisionDigest: sha256:d129bc81c00731f2a8ccd071c1c4428724a8408c8d485647c5420c7c1137b99f
        sourceBlobDigest: sha256:f2d1e073b00081bfb7918b31d08cb00e7cd6c8563bf488872251583b98c8be5c
        codeSamplesNamespace: my-source-typescript-code-samples
        codeSamplesRevisionDigest: sha256:922b531a8f6d9c761b42f7c0c7b551a0545c0cf435b48cabdcc1382e9ca5a530
workflow:
    workflowVersion: 1.0.0
    speakeasyVersion: latest
    sources:
        my-source:
            inputs:
                - location: https://speakeasy.com/openapi.yaml
            registry:
                location: registry.speakeasyapi.dev/speakeasy-self/speakeasy-self/my-source
    targets:
        speakeasy-client-sdk-typescript:
            target: typescript
            source: my-source
            publish:
                npm:
                    token: $npm_token
            codeSamples:
                registry:
                    location: registry.speakeasyapi.dev/speakeasy-self/speakeasy-self/my-source-typescript-code-samples
                labelOverride:
                    fixedValue: Typescript (SDK)
                blocking: false
