speakeasyVersion: 1.561.0
sources:
    my-source:
        sourceNamespace: my-source
        sourceRevisionDigest: sha256:2e5dc78239617b9501f2028df534aa4601c61396c89a582390d75a797fc228cc
        sourceBlobDigest: sha256:0442ef7698d8979dd825b3eab0ab868ac86580f4cffcd3e0dff7afdd6191e6d9
        tags:
            - latest
            - speakeasy-sdk-regen-1746577270
            - 0.4.0
targets:
    speakeasy-client-sdk-typescript:
        source: my-source
        sourceNamespace: my-source
        sourceRevisionDigest: sha256:2e5dc78239617b9501f2028df534aa4601c61396c89a582390d75a797fc228cc
        sourceBlobDigest: sha256:0442ef7698d8979dd825b3eab0ab868ac86580f4cffcd3e0dff7afdd6191e6d9
        codeSamplesNamespace: my-source-typescript-code-samples
        codeSamplesRevisionDigest: sha256:65717f579dccb319b073cb22e553e23bd3419cf420967387c00d148c041f5dc1
workflow:
    workflowVersion: 1.0.0
    speakeasyVersion: latest
    sources:
        my-source:
            inputs:
                - location: https://speakeasy.com/openapi.yaml
            registry:
                location: registry.speakeasyapi.dev/speakeasy-self/speakeasy-self/my-source
    targets:
        speakeasy-client-sdk-typescript:
            target: typescript
            source: my-source
            publish:
                npm:
                    token: $npm_token
            codeSamples:
                registry:
                    location: registry.speakeasyapi.dev/speakeasy-self/speakeasy-self/my-source-typescript-code-samples
                labelOverride:
                    fixedValue: Typescript (SDK)
                blocking: false
