speakeasyVersion: 1.600.2
sources:
    my-source:
        sourceNamespace: ts-client-source
        sourceRevisionDigest: sha256:802dc7b246c02d418741629981a8b0d57f6993d67f0d2cf26bc3654db30ba01a
        sourceBlobDigest: sha256:ec4ec370491ceb2ff1df4ba4a12bb743c761566998c5dd22e1d8730a8654d7e3
        tags:
            - latest
            - speakeasy-sdk-regen-1753835013
            - 0.4.0
targets:
    speakeasy-client-sdk-typescript:
        source: my-source
        sourceNamespace: ts-client-source
        sourceRevisionDigest: sha256:802dc7b246c02d418741629981a8b0d57f6993d67f0d2cf26bc3654db30ba01a
        sourceBlobDigest: sha256:ec4ec370491ceb2ff1df4ba4a12bb743c761566998c5dd22e1d8730a8654d7e3
        codeSamplesNamespace: my-source-typescript-code-samples
        codeSamplesRevisionDigest: sha256:45183a9500c3d20e52ad7fb69cba2ff792e1b68bcb584cd48829aead5309a960
workflow:
    workflowVersion: 1.0.0
    speakeasyVersion: latest
    sources:
        my-source:
            inputs:
                - location: https://spec.speakeasy.com/speakeasy-self/speakeasy-self/speakeasy-api
            registry:
                location: registry.speakeasyapi.dev/speakeasy-self/speakeasy-self/ts-client-source
    targets:
        speakeasy-client-sdk-typescript:
            target: typescript
            source: my-source
            publish:
                npm:
                    token: $npm_token
            codeSamples:
                registry:
                    location: registry.speakeasyapi.dev/speakeasy-self/speakeasy-self/my-source-typescript-code-samples
                labelOverride:
                    fixedValue: Typescript (SDK)
                blocking: false
